
Microsoft Visual Studio Solution File, Format Version 12.00
# Visual Studio 15
VisualStudioVersion = 15.0.27703.2026
MinimumVisualStudioVersion = 10.0.40219.1
Project("{FAE04EC0-301F-11D3-BF4B-00C04F79EFBC}") = "MagyarTV", "MagyarTV\MagyarTV.csproj", "{C4693295-B9C3-4C3B-BE69-CA2F0C630182}"
EndProject
Global
	GlobalSection(SolutionConfigurationPlatforms) = preSolution
		Debug|Any CPU = Debug|Any CPU
		Release|Any CPU = Release|Any CPU
	EndGlobalSection
	GlobalSection(ProjectConfigurationPlatforms) = postSolution
		{C4693295-B9C3-4C3B-BE69-CA2F0C630182}.Debug|Any CPU.ActiveCfg = Debug|Any CPU
		{C4693295-B9C3-4C3B-BE69-CA2F0C630182}.Debug|Any CPU.Build.0 = Debug|Any CPU
		{C4693295-B9C3-4C3B-BE69-CA2F0C630182}.Release|Any CPU.ActiveCfg = Release|Any CPU
		{C4693295-B9C3-4C3B-BE69-CA2F0C630182}.Release|Any CPU.Build.0 = Release|Any CPU
	EndGlobalSection
	GlobalSection(SolutionProperties) = preSolution
		HideSolutionNode = FALSE
	EndGlobalSection
	GlobalSection(ExtensibilityGlobals) = postSolution
		SolutionGuid = {4EC45F2D-53D6-4BEA-BDA6-ECE24B4AA729}
	EndGlobalSection
EndGlobal
